// !$*UTF8*$!
{
	archiveVersion = 1;
	classes = {
	};
	objectVersion = 50;
	objects = {

/* Begin PBXBuildFile section */
		B5BB7D48B015D32C93E37EBE /* libPods-PeerDemo.a in Frameworks */ = {isa = PBXBuildFile; fileRef = F8E9A99D3C79DFB1C3F34D75 /* libPods-PeerDemo.a */; };
		E14308FC20CECE3800258C67 /* AppDelegate.swift in Sources */ = {isa = PBXBuildFile; fileRef = E14308FB20CECE3800258C67 /* AppDelegate.swift */; };
		E14308FE20CECE3800258C67 /* ViewController.swift in Sources */ = {isa = PBXBuildFile; fileRef = E14308FD20CECE3800258C67 /* ViewController.swift */; };
		E143090120CECE3800258C67 /* Main.storyboard in Resources */ = {isa = PBXBuildFile; fileRef = E14308FF20CECE3800258C67 /* Main.storyboard */; };
		E143090320CECE3C00258C67 /* Assets.xcassets in Resources */ = {isa = PBXBuildFile; fileRef = E143090220CECE3C00258C67 /* Assets.xcassets */; };
		E143090620CECE3C00258C67 /* LaunchScreen.storyboard in Resources */ = {isa = PBXBuildFile; fileRef = E143090420CECE3C00258C67 /* LaunchScreen.storyboard */; };
		E166AB0020DAA6E4008339FA /* PeerDemoTests.swift in Sources */ = {isa = PBXBuildFile; fileRef = E166AAFF20DAA6E4008339FA /* PeerDemoTests.swift */; };
/* End PBXBuildFile section */

/* Begin PBXContainerItemProxy section */
		E166AB0220DAA6E4008339FA /* PBXContainerItemProxy */ = {
			isa = PBXContainerItemProxy;
			containerPortal = E14308F020CECE3800258C67 /* Project object */;
			proxyType = 1;
			remoteGlobalIDString = E14308F720CECE3800258C67;
			remoteInfo = PeerDemo;
		};
/* End PBXContainerItemProxy section */

/* Begin PBXFileReference section */
		2583CEA9F8575D81DB34D877 /* Pods-PeerDemo.release.xcconfig */ = {isa = PBXFileReference; includeInIndex = 1; lastKnownFileType = text.xcconfig; name = "Pods-PeerDemo.release.xcconfig"; path = "Pods/Target Support Files/Pods-PeerDemo/Pods-PeerDemo.release.xcconfig"; sourceTree = "<group>"; };
		9EDF9ECEF3032B3BD1E278D5 /* Pods-PeerDemo.debug.xcconfig */ = {isa = PBXFileReference; includeInIndex = 1; lastKnownFileType = text.xcconfig; name = "Pods-PeerDemo.debug.xcconfig"; path = "Pods/Target Support Files/Pods-PeerDemo/Pods-PeerDemo.debug.xcconfig"; sourceTree = "<group>"; };
		E14308F820CECE3800258C67 /* PeerDemo.app */ = {isa = PBXFileReference; explicitFileType = wrapper.application; includeInIndex = 0; path = PeerDemo.app; sourceTree = BUILT_PRODUCTS_DIR; };
		E14308FB20CECE3800258C67 /* AppDelegate.swift */ = {isa = PBXFileReference; lastKnownFileType = sourcecode.swift; path = AppDelegate.swift; sourceTree = "<group>"; };
		E14308FD20CECE3800258C67 /* ViewController.swift */ = {isa = PBXFileReference; lastKnownFileType = sourcecode.swift; path = ViewController.swift; sourceTree = "<group>"; };
		E143090020CECE3800258C67 /* Base */ = {isa = PBXFileReference; lastKnownFileType = file.storyboard; name = Base; path = Base.lproj/Main.storyboard; sourceTree = "<group>"; };
		E143090220CECE3C00258C67 /* Assets.xcassets */ = {isa = PBXFileReference; lastKnownFileType = folder.assetcatalog; path = Assets.xcassets; sourceTree = "<group>"; };
		E143090520CECE3C00258C67 /* Base */ = {isa = PBXFileReference; lastKnownFileType = file.storyboard; name = Base; path = Base.lproj/LaunchScreen.storyboard; sourceTree = "<group>"; };
		E143090720CECE3C00258C67 /* Info.plist */ = {isa = PBXFileReference; lastKnownFileType = text.plist.xml; path = Info.plist; sourceTree = "<group>"; };
		E166AAFD20DAA6E4008339FA /* PeerDemoTests.xctest */ = {isa = PBXFileReference; explicitFileType = wrapper.cfbundle; includeInIndex = 0; path = PeerDemoTests.xctest; sourceTree = BUILT_PRODUCTS_DIR; };
		E166AAFF20DAA6E4008339FA /* PeerDemoTests.swift */ = {isa = PBXFileReference; lastKnownFileType = sourcecode.swift; path = PeerDemoTests.swift; sourceTree = "<group>"; };
		E166AB0120DAA6E4008339FA /* Info.plist */ = {isa = PBXFileReference; lastKnownFileType = text.plist.xml; path = Info.plist; sourceTree = "<group>"; };
		F8E9A99D3C79DFB1C3F34D75 /* libPods-PeerDemo.a */ = {isa = PBXFileReference; explicitFileType = archive.ar; includeInIndex = 0; path = "libPods-PeerDemo.a"; sourceTree = BUILT_PRODUCTS_DIR; };
/* End PBXFileReference section */

/* Begin PBXFrameworksBuildPhase section */
		E14308F520CECE3800258C67 /* Frameworks */ = {
			isa = PBXFrameworksBuildPhase;
			buildActionMask = 2147483647;
			files = (
				B5BB7D48B015D32C93E37EBE /* libPods-PeerDemo.a in Frameworks */,
			);
			runOnlyForDeploymentPostprocessing = 0;
		};
		E166AAFA20DAA6E4008339FA /* Frameworks */ = {
			isa = PBXFrameworksBuildPhase;
			buildActionMask = 2147483647;
			files = (
			);
			runOnlyForDeploymentPostprocessing = 0;
		};
/* End PBXFrameworksBuildPhase section */

/* Begin PBXGroup section */
		210073B91B22D1C9026D1EA7 /* Frameworks */ = {
			isa = PBXGroup;
			children = (
				F8E9A99D3C79DFB1C3F34D75 /* libPods-PeerDemo.a */,
			);
			name = Frameworks;
			sourceTree = "<group>";
		};
		A432A5D786CFFEE5210A61D4 /* Pods */ = {
			isa = PBXGroup;
			children = (
				9EDF9ECEF3032B3BD1E278D5 /* Pods-PeerDemo.debug.xcconfig */,
				2583CEA9F8575D81DB34D877 /* Pods-PeerDemo.release.xcconfig */,
			);
			name = Pods;
			sourceTree = "<group>";
		};
		E14308EF20CECE3800258C67 = {
			isa = PBXGroup;
			children = (
				E14308FA20CECE3800258C67 /* PeerDemo */,
				E166AAFE20DAA6E4008339FA /* PeerDemoTests */,
				E14308F920CECE3800258C67 /* Products */,
				A432A5D786CFFEE5210A61D4 /* Pods */,
				210073B91B22D1C9026D1EA7 /* Frameworks */,
			);
			sourceTree = "<group>";
		};
		E14308F920CECE3800258C67 /* Products */ = {
			isa = PBXGroup;
			children = (
				E14308F820CECE3800258C67 /* PeerDemo.app */,
				E166AAFD20DAA6E4008339FA /* PeerDemoTests.xctest */,
			);
			name = Products;
			sourceTree = "<group>";
		};
		E14308FA20CECE3800258C67 /* PeerDemo */ = {
			isa = PBXGroup;
			children = (
				E14308FB20CECE3800258C67 /* AppDelegate.swift */,
				E14308FD20CECE3800258C67 /* ViewController.swift */,
				E14308FF20CECE3800258C67 /* Main.storyboard */,
				E143090220CECE3C00258C67 /* Assets.xcassets */,
				E143090420CECE3C00258C67 /* LaunchScreen.storyboard */,
				E143090720CECE3C00258C67 /* Info.plist */,
			);
			path = PeerDemo;
			sourceTree = "<group>";
		};
		E166AAFE20DAA6E4008339FA /* PeerDemoTests */ = {
			isa = PBXGroup;
			children = (
				E166AAFF20DAA6E4008339FA /* PeerDemoTests.swift */,
				E166AB0120DAA6E4008339FA /* Info.plist */,
			);
			path = PeerDemoTests;
			sourceTree = "<group>";
		};
/* End PBXGroup section */

/* Begin PBXNativeTarget section */
		E14308F720CECE3800258C67 /* PeerDemo */ = {
			isa = PBXNativeTarget;
			buildConfigurationList = E143090A20CECE3C00258C67 /* Build configuration list for PBXNativeTarget "PeerDemo" */;
			buildPhases = (
				D7D8DBC0D28617060C21C1FC /* [CP] Check Pods Manifest.lock */,
				E14308F420CECE3800258C67 /* Sources */,
				E14308F520CECE3800258C67 /* Frameworks */,
				E14308F620CECE3800258C67 /* Resources */,
				7675EBC02209651FEE3D78F4 /* [CP] Embed Pods Frameworks */,
			);
			buildRules = (
			);
			dependencies = (
			);
			name = PeerDemo;
			productName = PeerDemo;
			productReference = E14308F820CECE3800258C67 /* PeerDemo.app */;
			productType = "com.apple.product-type.application";
		};
		E166AAFC20DAA6E4008339FA /* PeerDemoTests */ = {
			isa = PBXNativeTarget;
			buildConfigurationList = E166AB0620DAA6E4008339FA /* Build configuration list for PBXNativeTarget "PeerDemoTests" */;
			buildPhases = (
				E166AAF920DAA6E4008339FA /* Sources */,
				E166AAFA20DAA6E4008339FA /* Frameworks */,
				E166AAFB20DAA6E4008339FA /* Resources */,
			);
			buildRules = (
			);
			dependencies = (
				E166AB0320DAA6E4008339FA /* PBXTargetDependency */,
			);
			name = PeerDemoTests;
			productName = PeerDemoTests;
			productReference = E166AAFD20DAA6E4008339FA /* PeerDemoTests.xctest */;
			productType = "com.apple.product-type.bundle.unit-test";
		};
/* End PBXNativeTarget section */

/* Begin PBXProject section */
		E14308F020CECE3800258C67 /* Project object */ = {
			isa = PBXProject;
			attributes = {
				LastSwiftUpdateCheck = 0940;
				LastUpgradeCheck = 0940;
				ORGANIZATIONNAME = PrometheanTV;
				TargetAttributes = {
					E14308F720CECE3800258C67 = {
						CreatedOnToolsVersion = 9.4;
					};
					E166AAFC20DAA6E4008339FA = {
						CreatedOnToolsVersion = 9.4;
						TestTargetID = E14308F720CECE3800258C67;
					};
				};
			};
			buildConfigurationList = E14308F320CECE3800258C67 /* Build configuration list for PBXProject "PeerDemo" */;
			compatibilityVersion = "Xcode 9.3";
			developmentRegion = en;
			hasScannedForEncodings = 0;
			knownRegions = (
				en,
				Base,
			);
			mainGroup = E14308EF20CECE3800258C67;
			productRefGroup = E14308F920CECE3800258C67 /* Products */;
			projectDirPath = "";
			projectRoot = "";
			targets = (
				E14308F720CECE3800258C67 /* PeerDemo */,
				E166AAFC20DAA6E4008339FA /* PeerDemoTests */,
			);
		};
/* End PBXProject section */

/* Begin PBXResourcesBuildPhase section */
		E14308F620CECE3800258C67 /* Resources */ = {
			isa = PBXResourcesBuildPhase;
			buildActionMask = 2147483647;
			files = (
				E143090620CECE3C00258C67 /* LaunchScreen.storyboard in Resources */,
				E143090320CECE3C00258C67 /* Assets.xcassets in Resources */,
				E143090120CECE3800258C67 /* Main.storyboard in Resources */,
			);
			runOnlyForDeploymentPostprocessing = 0;
		};
		E166AAFB20DAA6E4008339FA /* Resources */ = {
			isa = PBXResourcesBuildPhase;
			buildActionMask = 2147483647;
			files = (
			);
			runOnlyForDeploymentPostprocessing = 0;
		};
/* End PBXResourcesBuildPhase section */

/* Begin PBXShellScriptBuildPhase section */
		7675EBC02209651FEE3D78F4 /* [CP] Embed Pods Frameworks */ = {
			isa = PBXShellScriptBuildPhase;
			buildActionMask = 2147483647;
			files = (
			);
			inputPaths = (
				"${SRCROOT}/Pods/Target Support Files/Pods-PeerDemo/Pods-PeerDemo-frameworks.sh",
				"${PODS_ROOT}/Peer5Kit/Peer5Kit.framework",
			);
			name = "[CP] Embed Pods Frameworks";
			outputPaths = (
				"${TARGET_BUILD_DIR}/${FRAMEWORKS_FOLDER_PATH}/Peer5Kit.framework",
			);
			runOnlyForDeploymentPostprocessing = 0;
			shellPath = /bin/sh;
			shellScript = "\"${SRCROOT}/Pods/Target Support Files/Pods-PeerDemo/Pods-PeerDemo-frameworks.sh\"\n";
			showEnvVarsInLog = 0;
		};
		D7D8DBC0D28617060C21C1FC /* [CP] Check Pods Manifest.lock */ = {
			isa = PBXShellScriptBuildPhase;
			buildActionMask = 2147483647;
			files = (
			);
			inputPaths = (
				"${PODS_PODFILE_DIR_PATH}/Podfile.lock",
				"${PODS_ROOT}/Manifest.lock",
			);
			name = "[CP] Check Pods Manifest.lock";
			outputPaths = (
				"$(DERIVED_FILE_DIR)/Pods-PeerDemo-checkManifestLockResult.txt",
			);
			runOnlyForDeploymentPostprocessing = 0;
			shellPath = /bin/sh;
			shellScript = "diff \"${PODS_PODFILE_DIR_PATH}/Podfile.lock\" \"${PODS_ROOT}/Manifest.lock\" > /dev/null\nif [ $? != 0 ] ; then\n    # print error to STDERR\n    echo \"error: The sandbox is not in sync with the Podfile.lock. Run 'pod install' or update your CocoaPods installation.\" >&2\n    exit 1\nfi\n# This output is used by Xcode 'outputs' to avoid re-running this script phase.\necho \"SUCCESS\" > \"${SCRIPT_OUTPUT_FILE_0}\"\n";
			showEnvVarsInLog = 0;
		};
/* End PBXShellScriptBuildPhase section */

/* Begin PBXSourcesBuildPhase section */
		E14308F420CECE3800258C67 /* Sources */ = {
			isa = PBXSourcesBuildPhase;
			buildActionMask = 2147483647;
			files = (
				E14308FE20CECE3800258C67 /* ViewController.swift in Sources */,
				E14308FC20CECE3800258C67 /* AppDelegate.swift in Sources */,
			);
			runOnlyForDeploymentPostprocessing = 0;
		};
		E166AAF920DAA6E4008339FA /* Sources */ = {
			isa = PBXSourcesBuildPhase;
			buildActionMask = 2147483647;
			files = (
				E166AB0020DAA6E4008339FA /* PeerDemoTests.swift in Sources */,
			);
			runOnlyForDeploymentPostprocessing = 0;
		};
/* End PBXSourcesBuildPhase section */

/* Begin PBXTargetDependency section */
		E166AB0320DAA6E4008339FA /* PBXTargetDependency */ = {
			isa = PBXTargetDependency;
			target = E14308F720CECE3800258C67 /* PeerDemo */;
			targetProxy = E166AB0220DAA6E4008339FA /* PBXContainerItemProxy */;
		};
/* End PBXTargetDependency section */

/* Begin PBXVariantGroup section */
		E14308FF20CECE3800258C67 /* Main.storyboard */ = {
			isa = PBXVariantGroup;
			children = (
				E143090020CECE3800258C67 /* Base */,
			);
			name = Main.storyboard;
			sourceTree = "<group>";
		};
		E143090420CECE3C00258C67 /* LaunchScreen.storyboard */ = {
			isa = PBXVariantGroup;
			children = (
				E143090520CECE3C00258C67 /* Base */,
			);
			name = LaunchScreen.storyboard;
			sourceTree = "<group>";
		};
/* End PBXVariantGroup section */

/* Begin XCBuildConfiguration section */
		E143090820CECE3C00258C67 /* Debug */ = {
			isa = XCBuildConfiguration;
			buildSettings = {
				ALWAYS_SEARCH_USER_PATHS = NO;
				CLANG_ANALYZER_NONNULL = YES;
				CLANG_ANALYZER_NUMBER_OBJECT_CONVERSION = YES_AGGRESSIVE;
				CLANG_CXX_LANGUAGE_STANDARD = "gnu++14";
				CLANG_CXX_LIBRARY = "libc++";
				CLANG_ENABLE_MODULES = YES;
				CLANG_ENABLE_OBJC_ARC = YES;
				CLANG_ENABLE_OBJC_WEAK = YES;
				CLANG_WARN_BLOCK_CAPTURE_AUTORELEASING = YES;
				CLANG_WARN_BOOL_CONVERSION = YES;
				CLANG_WARN_COMMA = YES;
				CLANG_WARN_CONSTANT_CONVERSION = YES;
				CLANG_WARN_DEPRECATED_OBJC_IMPLEMENTATIONS = YES;
				CLANG_WARN_DIRECT_OBJC_ISA_USAGE = YES_ERROR;
				CLANG_WARN_DOCUMENTATION_COMMENTS = YES;
				CLANG_WARN_EMPTY_BODY = YES;
				CLANG_WARN_ENUM_CONVERSION = YES;
				CLANG_WARN_INFINITE_RECURSION = YES;
				CLANG_WARN_INT_CONVERSION = YES;
				CLANG_WARN_NON_LITERAL_NULL_CONVERSION = YES;
				CLANG_WARN_OBJC_IMPLICIT_RETAIN_SELF = YES;
				CLANG_WARN_OBJC_LITERAL_CONVERSION = YES;
				CLANG_WARN_OBJC_ROOT_CLASS = YES_ERROR;
				CLANG_WARN_RANGE_LOOP_ANALYSIS = YES;
				CLANG_WARN_STRICT_PROTOTYPES = YES;
				CLANG_WARN_SUSPICIOUS_MOVE = YES;
				CLANG_WARN_UNGUARDED_AVAILABILITY = YES_AGGRESSIVE;
				CLANG_WARN_UNREACHABLE_CODE = YES;
				CLANG_WARN__DUPLICATE_METHOD_MATCH = YES;
				CODE_SIGN_IDENTITY = "iPhone Developer";
				COPY_PHASE_STRIP = NO;
				DEBUG_INFORMATION_FORMAT = dwarf;
				ENABLE_STRICT_OBJC_MSGSEND = YES;
				ENABLE_TESTABILITY = YES;
				GCC_C_LANGUAGE_STANDARD = gnu11;
				GCC_DYNAMIC_NO_PIC = NO;
				GCC_NO_COMMON_BLOCKS = YES;
				GCC_OPTIMIZATION_LEVEL = 0;
				GCC_PREPROCESSOR_DEFINITIONS = (
					"DEBUG=1",
					"$(inherited)",
				);
				GCC_WARN_64_TO_32_BIT_CONVERSION = YES;
				GCC_WARN_ABOUT_RETURN_TYPE = YES_ERROR;
				GCC_WARN_UNDECLARED_SELECTOR = YES;
				GCC_WARN_UNINITIALIZED_AUTOS = YES_AGGRESSIVE;
				GCC_WARN_UNUSED_FUNCTION = YES;
				GCC_WARN_UNUSED_VARIABLE = YES;
				IPHONEOS_DEPLOYMENT_TARGET = 11.4;
				MTL_ENABLE_DEBUG_INFO = YES;
				ONLY_ACTIVE_ARCH = YES;
				SDKROOT = iphoneos;
				SWIFT_ACTIVE_COMPILATION_CONDITIONS = DEBUG;
				SWIFT_OPTIMIZATION_LEVEL = "-Onone";
			};
			name = Debug;
		};
		E143090920CECE3C00258C67 /* Release */ = {
			isa = XCBuildConfiguration;
			buildSettings = {
				ALWAYS_SEARCH_USER_PATHS = NO;
				CLANG_ANALYZER_NONNULL = YES;
				CLANG_ANALYZER_NUMBER_OBJECT_CONVERSION = YES_AGGRESSIVE;
				CLANG_CXX_LANGUAGE_STANDARD = "gnu++14";
				CLANG_CXX_LIBRARY = "libc++";
				CLANG_ENABLE_MODULES = YES;
				CLANG_ENABLE_OBJC_ARC = YES;
				CLANG_ENABLE_OBJC_WEAK = YES;
				CLANG_WARN_BLOCK_CAPTURE_AUTORELEASING = YES;
				CLANG_WARN_BOOL_CONVERSION = YES;
				CLANG_WARN_COMMA = YES;
				CLANG_WARN_CONSTANT_CONVERSION = YES;
				CLANG_WARN_DEPRECATED_OBJC_IMPLEMENTATIONS = YES;
				CLANG_WARN_DIRECT_OBJC_ISA_USAGE = YES_ERROR;
				CLANG_WARN_DOCUMENTATION_COMMENTS = YES;
				CLANG_WARN_EMPTY_BODY = YES;
				CLANG_WARN_ENUM_CONVERSION = YES;
				CLANG_WARN_INFINITE_RECURSION = YES;
				CLANG_WARN_INT_CONVERSION = YES;
				CLANG_WARN_NON_LITERAL_NULL_CONVERSION = YES;
				CLANG_WARN_OBJC_IMPLICIT_RETAIN_SELF = YES;
				CLANG_WARN_OBJC_LITERAL_CONVERSION = YES;
				CLANG_WARN_OBJC_ROOT_CLASS = YES_ERROR;
				CLANG_WARN_RANGE_LOOP_ANALYSIS = YES;
				CLANG_WARN_STRICT_PROTOTYPES = YES;
				CLANG_WARN_SUSPICIOUS_MOVE = YES;
				CLANG_WARN_UNGUARDED_AVAILABILITY = YES_AGGRESSIVE;
				CLANG_WARN_UNREACHABLE_CODE = YES;
				CLANG_WARN__DUPLICATE_METHOD_MATCH = YES;
				CODE_SIGN_IDENTITY = "iPhone Developer";
				COPY_PHASE_STRIP = NO;
				DEBUG_INFORMATION_FORMAT = "dwarf-with-dsym";
				ENABLE_NS_ASSERTIONS = NO;
				ENABLE_STRICT_OBJC_MSGSEND = YES;
				GCC_C_LANGUAGE_STANDARD = gnu11;
				GCC_NO_COMMON_BLOCKS = YES;
				GCC_WARN_64_TO_32_BIT_CONVERSION = YES;
				GCC_WARN_ABOUT_RETURN_TYPE = YES_ERROR;
				GCC_WARN_UNDECLARED_SELECTOR = YES;
				GCC_WARN_UNINITIALIZED_AUTOS = YES_AGGRESSIVE;
				GCC_WARN_UNUSED_FUNCTION = YES;
				GCC_WARN_UNUSED_VARIABLE = YES;
				IPHONEOS_DEPLOYMENT_TARGET = 11.4;
				MTL_ENABLE_DEBUG_INFO = NO;
				SDKROOT = iphoneos;
				SWIFT_COMPILATION_MODE = wholemodule;
				SWIFT_OPTIMIZATION_LEVEL = "-O";
				VALIDATE_PRODUCT = YES;
			};
			name = Release;
		};
		E143090B20CECE3C00258C67 /* Debug */ = {
			isa = XCBuildConfiguration;
			baseConfigurationReference = 9EDF9ECEF3032B3BD1E278D5 /* Pods-PeerDemo.debug.xcconfig */;
			buildSettings = {
				ASSETCATALOG_COMPILER_APPICON_NAME = AppIcon;
				CODE_SIGN_STYLE = Automatic;
				DEVELOPMENT_TEAM = "";
				INFOPLIST_FILE = PeerDemo/Info.plist;
				LD_RUNPATH_SEARCH_PATHS = (
					"$(inherited)",
					"@executable_path/Frameworks",
				);
				PRODUCT_BUNDLE_IDENTIFIER = "com.promethean.peer-demo.PeerDemo";
				PRODUCT_NAME = "$(TARGET_NAME)";
				SWIFT_VERSION = 4.0;
				TARGETED_DEVICE_FAMILY = "1,2";
			};
			name = Debug;
		};
		E143090C20CECE3C00258C67 /* Release */ = {
			isa = XCBuildConfiguration;
			baseConfigurationReference = 2583CEA9F8575D81DB34D877 /* Pods-PeerDemo.release.xcconfig */;
			buildSettings = {
				ASSETCATALOG_COMPILER_APPICON_NAME = AppIcon;
				CODE_SIGN_STYLE = Automatic;
				DEVELOPMENT_TEAM = "";
				INFOPLIST_FILE = PeerDemo/Info.plist;
				LD_RUNPATH_SEARCH_PATHS = (
					"$(inherited)",
					"@executable_path/Frameworks",
				);
				PRODUCT_BUNDLE_IDENTIFIER = "com.promethean.peer-demo.PeerDemo";
				PRODUCT_NAME = "$(TARGET_NAME)";
				SWIFT_VERSION = 4.0;
				TARGETED_DEVICE_FAMILY = "1,2";
			};
			name = Release;
		};
		E166AB0420DAA6E4008339FA /* Debug */ = {
			isa = XCBuildConfiguration;
			buildSettings = {
				BUNDLE_LOADER = "$(TEST_HOST)";
				CODE_SIGN_STYLE = Automatic;
				DEVELOPMENT_TEAM = 4FLNJKGBZ5;
				INFOPLIST_FILE = PeerDemoTests/Info.plist;
				LD_RUNPATH_SEARCH_PATHS = (
					"$(inherited)",
					"@executable_path/Frameworks",
					"@loader_path/Frameworks",
				);
				PRODUCT_BUNDLE_IDENTIFIER = "com.promethean.peer-demo.PeerDemoTests";
				PRODUCT_NAME = "$(TARGET_NAME)";
				SWIFT_VERSION = 4.0;
				TARGETED_DEVICE_FAMILY = "1,2";
				TEST_HOST = "$(BUILT_PRODUCTS_DIR)/PeerDemo.app/PeerDemo";
			};
			name = Debug;
		};
		E166AB0520DAA6E4008339FA /* Release */ = {
			isa = XCBuildConfiguration;
			buildSettings = {
				BUNDLE_LOADER = "$(TEST_HOST)";
				CODE_SIGN_STYLE = Automatic;
				DEVELOPMENT_TEAM = 4FLNJKGBZ5;
				INFOPLIST_FILE = PeerDemoTests/Info.plist;
				LD_RUNPATH_SEARCH_PATHS = (
					"$(inherited)",
					"@executable_path/Frameworks",
					"@loader_path/Frameworks",
				);
				PRODUCT_BUNDLE_IDENTIFIER = "com.promethean.peer-demo.PeerDemoTests";
				PRODUCT_NAME = "$(TARGET_NAME)";
				SWIFT_VERSION = 4.0;
				TARGETED_DEVICE_FAMILY = "1,2";
				TEST_HOST = "$(BUILT_PRODUCTS_DIR)/PeerDemo.app/PeerDemo";
			};
			name = Release;
		};
/* End XCBuildConfiguration section */

/* Begin XCConfigurationList section */
		E14308F320CECE3800258C67 /* Build configuration list for PBXProject "PeerDemo" */ = {
			isa = XCConfigurationList;
			buildConfigurations = (
				E143090820CECE3C00258C67 /* Debug */,
				E143090920CECE3C00258C67 /* Release */,
			);
			defaultConfigurationIsVisible = 0;
			defaultConfigurationName = Release;
		};
		E143090A20CECE3C00258C67 /* Build configuration list for PBXNativeTarget "PeerDemo" */ = {
			isa = XCConfigurationList;
			buildConfigurations = (
				E143090B20CECE3C00258C67 /* Debug */,
				E143090C20CECE3C00258C67 /* Release */,
			);
			defaultConfigurationIsVisible = 0;
			defaultConfigurationName = Release;
		};
		E166AB0620DAA6E4008339FA /* Build configuration list for PBXNativeTarget "PeerDemoTests" */ = {
			isa = XCConfigurationList;
			buildConfigurations = (
				E166AB0420DAA6E4008339FA /* Debug */,
				E166AB0520DAA6E4008339FA /* Release */,
			);
			defaultConfigurationIsVisible = 0;
			defaultConfigurationName = Release;
		};
/* End XCConfigurationList section */
	};
	rootObject = E14308F020CECE3800258C67 /* Project object */;
}
